
Microsoft Visual Studio Solution File, Format Version 12.00
# Visual Studio Version 17
VisualStudioVersion = 17.5.002.0
MinimumVisualStudioVersion = 10.0.40219.1
Project("{9A19103F-16F7-4668-BE54-9A1E7A4F7556}") = "Generator-Password", "Generator-Password.csproj", "{463B56F6-3B2E-4C8B-B9D8-4A10A22978AA}"
EndProject
Global
	GlobalSection(SolutionConfigurationPlatforms) = preSolution
		Debug|Any CPU = Debug|Any CPU
		Release|Any CPU = Release|Any CPU
	EndGlobalSection
	GlobalSection(ProjectConfigurationPlatforms) = postSolution
		{463B56F6-3B2E-4C8B-B9D8-4A10A22978AA}.Debug|Any CPU.ActiveCfg = Debug|Any CPU
		{463B56F6-3B2E-4C8B-B9D8-4A10A22978AA}.Debug|Any CPU.Build.0 = Debug|Any CPU
		{463B56F6-3B2E-4C8B-B9D8-4A10A22978AA}.Release|Any CPU.ActiveCfg = Release|Any CPU
		{463B56F6-3B2E-4C8B-B9D8-4A10A22978AA}.Release|Any CPU.Build.0 = Release|Any CPU
	EndGlobalSection
	GlobalSection(SolutionProperties) = preSolution
		HideSolutionNode = FALSE
	EndGlobalSection
	GlobalSection(ExtensibilityGlobals) = postSolution
		SolutionGuid = {FF6CDA0E-1723-4BA2-B790-A4DE38F0B099}
	EndGlobalSection
EndGlobal
